{
  "name": "shmup-yours-monorepo",
  "lockfileVersion": 3,
  "requires": true,
  "packages": {
    "": {
      "name": "shmup-yours-monorepo",
      "workspaces": [
        "frontend",
        "backend",
        "test"
      ]
    },
    "backend": {
      "name": "@shmup-yours/backend",
      "version": "0.1.0",
      "license": "MIT"
    },
    "frontend": {
      "name": "@shmup-yours/frontend",
      "version": "0.1.0",
      "license": "MIT"
    },
    "node_modules/@shmup-yours/backend": {
      "resolved": "backend",
      "link": true
    },
    "node_modules/@shmup-yours/frontend": {
      "resolved": "frontend",
      "link": true
    },
    "node_modules/@shmup-yours/test": {
      "resolved": "test",
      "link": true
    },
    "test": {
      "name": "@shmup-yours/test",
      "version": "0.1.0",
      "license": "MIT"
    }
  }
}
